
Microsoft Visual Studio Solution File, Format Version 12.00
# Visual Studio Version 16
VisualStudioVersion = 16.0.30907.101
MinimumVisualStudioVersion = 10.0.40219.1
Project("{FAE04EC0-301F-11D3-BF4B-00C04F79EFBC}") = "kampintroo", "kampintroo\kampintroo.csproj", "{2FDD43E6-5C3B-48B5-9C3D-1B345CBEE4CA}"
EndProject
Global
	GlobalSection(SolutionConfigurationPlatforms) = preSolution
		Debug|Any CPU = Debug|Any CPU
		Release|Any CPU = Release|Any CPU
	EndGlobalSection
	GlobalSection(ProjectConfigurationPlatforms) = postSolution
		{2FDD43E6-5C3B-48B5-9C3D-1B345CBEE4CA}.Debug|Any CPU.ActiveCfg = Debug|Any CPU
		{2FDD43E6-5C3B-48B5-9C3D-1B345CBEE4CA}.Debug|Any CPU.Build.0 = Debug|Any CPU
		{2FDD43E6-5C3B-48B5-9C3D-1B345CBEE4CA}.Release|Any CPU.ActiveCfg = Release|Any CPU
		{2FDD43E6-5C3B-48B5-9C3D-1B345CBEE4CA}.Release|Any CPU.Build.0 = Release|Any CPU
	EndGlobalSection
	GlobalSection(SolutionProperties) = preSolution
		HideSolutionNode = FALSE
	EndGlobalSection
	GlobalSection(ExtensibilityGlobals) = postSolution
		SolutionGuid = {20A0E6B8-D84B-436B-A107-967CB9B02A67}
	EndGlobalSection
EndGlobal
